{
  "name": "nodeliketty-testimpl",
  "version": "1.0.0",
  "lockfileVersion": 1,
  "requires": true,
  "dependencies": {
    "@types/node": {
      "version": "17.0.12",
      "resolved": "https://registry.npmjs.org/@types/node/-/node-17.0.12.tgz",
      "integrity": "sha512-4YpbAsnJXWYK/fpTVFlMIcUIho2AYCi4wg5aNPrG1ng7fn/1/RZfCIpRCiBX+12RVa34RluilnvCqD+g3KiSiA=="
    },
    "nodeliketty": {
      "version": "1.0.2",
      "resolved": "https://registry.npmjs.org/nodeliketty/-/nodeliketty-1.0.2.tgz",
      "integrity": "sha512-+MGO3RmrQnuIxxEebZOJxNLMTMTUUtltM+CBi2fuuB8fNpzcIa0gwEIuFUCuY34kp7vBd2wJjCVBYFgYrpkJ1A==",
      "requires": {
        "@types/node": "^17.0.12"
      }
    }
  }
}
